// !$*UTF8*$!
{
	archiveVersion = 1;
	classes = {
	};
	objectVersion = 56;
	objects = {

/* Begin PBXBuildFile section */
		9B0676D12A4D639B004EFEF4 /* RepositoriesList.swift in Sources */ = {isa = PBXBuildFile; fileRef = 9B0676CF2A4D639B004EFEF4 /* RepositoriesList.swift */; };
		9B0676D22A4D639B004EFEF4 /* Spinner.swift in Sources */ = {isa = PBXBuildFile; fileRef = 9B0676D02A4D639B004EFEF4 /* Spinner.swift */; };
		9B799B242A4BC7C00008F8D4 /* SwiftUINewsAppApp.swift in Sources */ = {isa = PBXBuildFile; fileRef = 9B799B232A4BC7C00008F8D4 /* SwiftUINewsAppApp.swift */; };
		9B799B262A4BC7C00008F8D4 /* NewsListView.swift in Sources */ = {isa = PBXBuildFile; fileRef = 9B799B252A4BC7C00008F8D4 /* NewsListView.swift */; };
		9B799B282A4BC7C10008F8D4 /* Assets.xcassets in Resources */ = {isa = PBXBuildFile; fileRef = 9B799B272A4BC7C10008F8D4 /* Assets.xcassets */; };
		9B799B2B2A4BC7C10008F8D4 /* Preview Assets.xcassets in Resources */ = {isa = PBXBuildFile; fileRef = 9B799B2A2A4BC7C10008F8D4 /* Preview Assets.xcassets */; };
		9B799B2D2A4BC7C10008F8D4 /* Persistence.swift in Sources */ = {isa = PBXBuildFile; fileRef = 9B799B2C2A4BC7C10008F8D4 /* Persistence.swift */; };
		9B799B302A4BC7C10008F8D4 /* SwiftUINewsApp.xcdatamodeld in Sources */ = {isa = PBXBuildFile; fileRef = 9B799B2E2A4BC7C10008F8D4 /* SwiftUINewsApp.xcdatamodeld */; };
		9B799B3A2A4BC7C10008F8D4 /* SwiftUINewsAppTests.swift in Sources */ = {isa = PBXBuildFile; fileRef = 9B799B392A4BC7C10008F8D4 /* SwiftUINewsAppTests.swift */; };
		9B799B442A4BC7C10008F8D4 /* SwiftUINewsAppUITests.swift in Sources */ = {isa = PBXBuildFile; fileRef = 9B799B432A4BC7C10008F8D4 /* SwiftUINewsAppUITests.swift */; };
		9B799B462A4BC7C10008F8D4 /* SwiftUINewsAppUITestsLaunchTests.swift in Sources */ = {isa = PBXBuildFile; fileRef = 9B799B452A4BC7C10008F8D4 /* SwiftUINewsAppUITestsLaunchTests.swift */; };
		9B799B532A4BCCB60008F8D4 /* NewsItemView.swift in Sources */ = {isa = PBXBuildFile; fileRef = 9B799B522A4BCCB60008F8D4 /* NewsItemView.swift */; };
		9B799B552A4BD2340008F8D4 /* NewsItem.swift in Sources */ = {isa = PBXBuildFile; fileRef = 9B799B542A4BD2340008F8D4 /* NewsItem.swift */; };
		9B799B572A4BEF2A0008F8D4 /* NewListViewModel.swift in Sources */ = {isa = PBXBuildFile; fileRef = 9B799B562A4BEF2A0008F8D4 /* NewListViewModel.swift */; };
		9B799B5A2A4BEFEF0008F8D4 /* NewsSearchService.swift in Sources */ = {isa = PBXBuildFile; fileRef = 9B799B592A4BEFEF0008F8D4 /* NewsSearchService.swift */; };
		9B799B5E2A4BF2F40008F8D4 /* NewsRequestModel.swift in Sources */ = {isa = PBXBuildFile; fileRef = 9B799B5D2A4BF2F40008F8D4 /* NewsRequestModel.swift */; };
		9B799B602A4C1AA20008F8D4 /* EmptyView.swift in Sources */ = {isa = PBXBuildFile; fileRef = 9B799B5F2A4C1AA20008F8D4 /* EmptyView.swift */; };
		9B799B622A4C1CDC0008F8D4 /* BodyView.swift in Sources */ = {isa = PBXBuildFile; fileRef = 9B799B612A4C1CDC0008F8D4 /* BodyView.swift */; };
		9B799B652A4C20950008F8D4 /* String +.swift in Sources */ = {isa = PBXBuildFile; fileRef = 9B799B642A4C20950008F8D4 /* String +.swift */; };
		9B799B672A4C29270008F8D4 /* WebView.swift in Sources */ = {isa = PBXBuildFile; fileRef = 9B799B662A4C29270008F8D4 /* WebView.swift */; };
		9B799B692A4C29A80008F8D4 /* NewsDetailView.swift in Sources */ = {isa = PBXBuildFile; fileRef = 9B799B682A4C29A80008F8D4 /* NewsDetailView.swift */; };
/* End PBXBuildFile section */

/* Begin PBXContainerItemProxy section */
		9B799B362A4BC7C10008F8D4 /* PBXContainerItemProxy */ = {
			isa = PBXContainerItemProxy;
			containerPortal = 9B799B182A4BC7C00008F8D4 /* Project object */;
			proxyType = 1;
			remoteGlobalIDString = 9B799B1F2A4BC7C00008F8D4;
			remoteInfo = SwiftUINewsApp;
		};
		9B799B402A4BC7C10008F8D4 /* PBXContainerItemProxy */ = {
			isa = PBXContainerItemProxy;
			containerPortal = 9B799B182A4BC7C00008F8D4 /* Project object */;
			proxyType = 1;
			remoteGlobalIDString = 9B799B1F2A4BC7C00008F8D4;
			remoteInfo = SwiftUINewsApp;
		};
/* End PBXContainerItemProxy section */

/* Begin PBXFileReference section */
		9B0676CF2A4D639B004EFEF4 /* RepositoriesList.swift */ = {isa = PBXFileReference; fileEncoding = 4; lastKnownFileType = sourcecode.swift; path = RepositoriesList.swift; sourceTree = "<group>"; };
		9B0676D02A4D639B004EFEF4 /* Spinner.swift */ = {isa = PBXFileReference; fileEncoding = 4; lastKnownFileType = sourcecode.swift; path = Spinner.swift; sourceTree = "<group>"; };
		9B799B202A4BC7C00008F8D4 /* SwiftUINewsApp.app */ = {isa = PBXFileReference; explicitFileType = wrapper.application; includeInIndex = 0; path = SwiftUINewsApp.app; sourceTree = BUILT_PRODUCTS_DIR; };
		9B799B232A4BC7C00008F8D4 /* SwiftUINewsAppApp.swift */ = {isa = PBXFileReference; lastKnownFileType = sourcecode.swift; path = SwiftUINewsAppApp.swift; sourceTree = "<group>"; };
		9B799B252A4BC7C00008F8D4 /* NewsListView.swift */ = {isa = PBXFileReference; lastKnownFileType = sourcecode.swift; path = NewsListView.swift; sourceTree = "<group>"; };
		9B799B272A4BC7C10008F8D4 /* Assets.xcassets */ = {isa = PBXFileReference; lastKnownFileType = folder.assetcatalog; path = Assets.xcassets; sourceTree = "<group>"; };
		9B799B2A2A4BC7C10008F8D4 /* Preview Assets.xcassets */ = {isa = PBXFileReference; lastKnownFileType = folder.assetcatalog; path = "Preview Assets.xcassets"; sourceTree = "<group>"; };
		9B799B2C2A4BC7C10008F8D4 /* Persistence.swift */ = {isa = PBXFileReference; lastKnownFileType = sourcecode.swift; path = Persistence.swift; sourceTree = "<group>"; };
		9B799B2F2A4BC7C10008F8D4 /* SwiftUINewsApp.xcdatamodel */ = {isa = PBXFileReference; lastKnownFileType = wrapper.xcdatamodel; path = SwiftUINewsApp.xcdatamodel; sourceTree = "<group>"; };
		9B799B352A4BC7C10008F8D4 /* SwiftUINewsAppTests.xctest */ = {isa = PBXFileReference; explicitFileType = wrapper.cfbundle; includeInIndex = 0; path = SwiftUINewsAppTests.xctest; sourceTree = BUILT_PRODUCTS_DIR; };
		9B799B392A4BC7C10008F8D4 /* SwiftUINewsAppTests.swift */ = {isa = PBXFileReference; lastKnownFileType = sourcecode.swift; path = SwiftUINewsAppTests.swift; sourceTree = "<group>"; };
		9B799B3F2A4BC7C10008F8D4 /* SwiftUINewsAppUITests.xctest */ = {isa = PBXFileReference; explicitFileType = wrapper.cfbundle; includeInIndex = 0; path = SwiftUINewsAppUITests.xctest; sourceTree = BUILT_PRODUCTS_DIR; };
		9B799B432A4BC7C10008F8D4 /* SwiftUINewsAppUITests.swift */ = {isa = PBXFileReference; lastKnownFileType = sourcecode.swift; path = SwiftUINewsAppUITests.swift; sourceTree = "<group>"; };
		9B799B452A4BC7C10008F8D4 /* SwiftUINewsAppUITestsLaunchTests.swift */ = {isa = PBXFileReference; lastKnownFileType = sourcecode.swift; path = SwiftUINewsAppUITestsLaunchTests.swift; sourceTree = "<group>"; };
		9B799B522A4BCCB60008F8D4 /* NewsItemView.swift */ = {isa = PBXFileReference; lastKnownFileType = sourcecode.swift; path = NewsItemView.swift; sourceTree = "<group>"; };
		9B799B542A4BD2340008F8D4 /* NewsItem.swift */ = {isa = PBXFileReference; lastKnownFileType = sourcecode.swift; path = NewsItem.swift; sourceTree = "<group>"; };
		9B799B562A4BEF2A0008F8D4 /* NewListViewModel.swift */ = {isa = PBXFileReference; lastKnownFileType = sourcecode.swift; path = NewListViewModel.swift; sourceTree = "<group>"; };
		9B799B592A4BEFEF0008F8D4 /* NewsSearchService.swift */ = {isa = PBXFileReference; lastKnownFileType = sourcecode.swift; path = NewsSearchService.swift; sourceTree = "<group>"; };
		9B799B5D2A4BF2F40008F8D4 /* NewsRequestModel.swift */ = {isa = PBXFileReference; lastKnownFileType = sourcecode.swift; path = NewsRequestModel.swift; sourceTree = "<group>"; };
		9B799B5F2A4C1AA20008F8D4 /* EmptyView.swift */ = {isa = PBXFileReference; lastKnownFileType = sourcecode.swift; path = EmptyView.swift; sourceTree = "<group>"; };
		9B799B612A4C1CDC0008F8D4 /* BodyView.swift */ = {isa = PBXFileReference; lastKnownFileType = sourcecode.swift; path = BodyView.swift; sourceTree = "<group>"; };
		9B799B642A4C20950008F8D4 /* String +.swift */ = {isa = PBXFileReference; lastKnownFileType = sourcecode.swift; path = "String +.swift"; sourceTree = "<group>"; };
		9B799B662A4C29270008F8D4 /* WebView.swift */ = {isa = PBXFileReference; lastKnownFileType = sourcecode.swift; path = WebView.swift; sourceTree = "<group>"; };
		9B799B682A4C29A80008F8D4 /* NewsDetailView.swift */ = {isa = PBXFileReference; lastKnownFileType = sourcecode.swift; path = NewsDetailView.swift; sourceTree = "<group>"; };
/* End PBXFileReference section */

/* Begin PBXFrameworksBuildPhase section */
		9B799B1D2A4BC7C00008F8D4 /* Frameworks */ = {
			isa = PBXFrameworksBuildPhase;
			buildActionMask = 2147483647;
			files = (
			);
			runOnlyForDeploymentPostprocessing = 0;
		};
		9B799B322A4BC7C10008F8D4 /* Frameworks */ = {
			isa = PBXFrameworksBuildPhase;
			buildActionMask = 2147483647;
			files = (
			);
			runOnlyForDeploymentPostprocessing = 0;
		};
		9B799B3C2A4BC7C10008F8D4 /* Frameworks */ = {
			isa = PBXFrameworksBuildPhase;
			buildActionMask = 2147483647;
			files = (
			);
			runOnlyForDeploymentPostprocessing = 0;
		};
/* End PBXFrameworksBuildPhase section */

/* Begin PBXGroup section */
		9B0676CD2A4D636A004EFEF4 /* 깃허브방식 */ = {
			isa = PBXGroup;
			children = (
				9B0676CF2A4D639B004EFEF4 /* RepositoriesList.swift */,
				9B0676D02A4D639B004EFEF4 /* Spinner.swift */,
			);
			name = "깃허브방식";
			path = "깃허브방식";
			sourceTree = "<group>";
		};
		9B799B172A4BC7C00008F8D4 = {
			isa = PBXGroup;
			children = (
				9B799B222A4BC7C00008F8D4 /* SwiftUINewsApp */,
				9B799B382A4BC7C10008F8D4 /* SwiftUINewsAppTests */,
				9B799B422A4BC7C10008F8D4 /* SwiftUINewsAppUITests */,
				9B799B212A4BC7C00008F8D4 /* Products */,
			);
			sourceTree = "<group>";
		};
		9B799B212A4BC7C00008F8D4 /* Products */ = {
			isa = PBXGroup;
			children = (
				9B799B202A4BC7C00008F8D4 /* SwiftUINewsApp.app */,
				9B799B352A4BC7C10008F8D4 /* SwiftUINewsAppTests.xctest */,
				9B799B3F2A4BC7C10008F8D4 /* SwiftUINewsAppUITests.xctest */,
			);
			name = Products;
			sourceTree = "<group>";
		};
		9B799B222A4BC7C00008F8D4 /* SwiftUINewsApp */ = {
			isa = PBXGroup;
			children = (
				9B799B632A4C208D0008F8D4 /* extension */,
				9B799B232A4BC7C00008F8D4 /* SwiftUINewsAppApp.swift */,
				9B799B5B2A4BEFF70008F8D4 /* service */,
				9B799B5C2A4BF0020008F8D4 /* Models */,
				9B799B6B2A4C2A510008F8D4 /* views */,
				9B799B272A4BC7C10008F8D4 /* Assets.xcassets */,
				9B799B2C2A4BC7C10008F8D4 /* Persistence.swift */,
				9B799B2E2A4BC7C10008F8D4 /* SwiftUINewsApp.xcdatamodeld */,
				9B799B292A4BC7C10008F8D4 /* Preview Content */,
			);
			path = SwiftUINewsApp;
			sourceTree = "<group>";
		};
		9B799B292A4BC7C10008F8D4 /* Preview Content */ = {
			isa = PBXGroup;
			children = (
				9B799B2A2A4BC7C10008F8D4 /* Preview Assets.xcassets */,
			);
			path = "Preview Content";
			sourceTree = "<group>";
		};
		9B799B382A4BC7C10008F8D4 /* SwiftUINewsAppTests */ = {
			isa = PBXGroup;
			children = (
				9B799B392A4BC7C10008F8D4 /* SwiftUINewsAppTests.swift */,
			);
			path = SwiftUINewsAppTests;
			sourceTree = "<group>";
		};
		9B799B422A4BC7C10008F8D4 /* SwiftUINewsAppUITests */ = {
			isa = PBXGroup;
			children = (
				9B799B432A4BC7C10008F8D4 /* SwiftUINewsAppUITests.swift */,
				9B799B452A4BC7C10008F8D4 /* SwiftUINewsAppUITestsLaunchTests.swift */,
			);
			path = SwiftUINewsAppUITests;
			sourceTree = "<group>";
		};
		9B799B582A4BEFAF0008F8D4 /* NewsList화면 */ = {
			isa = PBXGroup;
			children = (
				9B799B252A4BC7C00008F8D4 /* NewsListView.swift */,
				9B799B612A4C1CDC0008F8D4 /* BodyView.swift */,
				9B799B522A4BCCB60008F8D4 /* NewsItemView.swift */,
				9B799B562A4BEF2A0008F8D4 /* NewListViewModel.swift */,
				9B799B5F2A4C1AA20008F8D4 /* EmptyView.swift */,
			);
			name = "NewsList화면";
			path = "NewsList화면";
			sourceTree = "<group>";
		};
		9B799B5B2A4BEFF70008F8D4 /* service */ = {
			isa = PBXGroup;
			children = (
				9B799B592A4BEFEF0008F8D4 /* NewsSearchService.swift */,
			);
			path = service;
			sourceTree = "<group>";
		};
		9B799B5C2A4BF0020008F8D4 /* Models */ = {
			isa = PBXGroup;
			children = (
				9B799B542A4BD2340008F8D4 /* NewsItem.swift */,
				9B799B5D2A4BF2F40008F8D4 /* NewsRequestModel.swift */,
			);
			path = Models;
			sourceTree = "<group>";
		};
		9B799B632A4C208D0008F8D4 /* extension */ = {
			isa = PBXGroup;
			children = (
				9B799B642A4C20950008F8D4 /* String +.swift */,
			);
			path = extension;
			sourceTree = "<group>";
		};
		9B799B6A2A4C2A400008F8D4 /* News보기 */ = {
			isa = PBXGroup;
			children = (
				9B799B682A4C29A80008F8D4 /* NewsDetailView.swift */,
				9B799B662A4C29270008F8D4 /* WebView.swift */,
			);
			name = "News보기";
			path = "News보기";
			sourceTree = "<group>";
		};
		9B799B6B2A4C2A510008F8D4 /* views */ = {
			isa = PBXGroup;
			children = (
				9B0676CD2A4D636A004EFEF4 /* 깃허브방식 */,
				9B799B6A2A4C2A400008F8D4 /* News보기 */,
				9B799B582A4BEFAF0008F8D4 /* NewsList화면 */,
			);
			path = views;
			sourceTree = "<group>";
		};
/* End PBXGroup section */

/* Begin PBXNativeTarget section */
		9B799B1F2A4BC7C00008F8D4 /* SwiftUINewsApp */ = {
			isa = PBXNativeTarget;
			buildConfigurationList = 9B799B492A4BC7C10008F8D4 /* Build configuration list for PBXNativeTarget "SwiftUINewsApp" */;
			buildPhases = (
				9B799B1C2A4BC7C00008F8D4 /* Sources */,
				9B799B1D2A4BC7C00008F8D4 /* Frameworks */,
				9B799B1E2A4BC7C00008F8D4 /* Resources */,
			);
			buildRules = (
			);
			dependencies = (
			);
			name = SwiftUINewsApp;
			productName = SwiftUINewsApp;
			productReference = 9B799B202A4BC7C00008F8D4 /* SwiftUINewsApp.app */;
			productType = "com.apple.product-type.application";
		};
		9B799B342A4BC7C10008F8D4 /* SwiftUINewsAppTests */ = {
			isa = PBXNativeTarget;
			buildConfigurationList = 9B799B4C2A4BC7C10008F8D4 /* Build configuration list for PBXNativeTarget "SwiftUINewsAppTests" */;
			buildPhases = (
				9B799B312A4BC7C10008F8D4 /* Sources */,
				9B799B322A4BC7C10008F8D4 /* Frameworks */,
				9B799B332A4BC7C10008F8D4 /* Resources */,
			);
			buildRules = (
			);
			dependencies = (
				9B799B372A4BC7C10008F8D4 /* PBXTargetDependency */,
			);
			name = SwiftUINewsAppTests;
			productName = SwiftUINewsAppTests;
			productReference = 9B799B352A4BC7C10008F8D4 /* SwiftUINewsAppTests.xctest */;
			productType = "com.apple.product-type.bundle.unit-test";
		};
		9B799B3E2A4BC7C10008F8D4 /* SwiftUINewsAppUITests */ = {
			isa = PBXNativeTarget;
			buildConfigurationList = 9B799B4F2A4BC7C10008F8D4 /* Build configuration list for PBXNativeTarget "SwiftUINewsAppUITests" */;
			buildPhases = (
				9B799B3B2A4BC7C10008F8D4 /* Sources */,
				9B799B3C2A4BC7C10008F8D4 /* Frameworks */,
				9B799B3D2A4BC7C10008F8D4 /* Resources */,
			);
			buildRules = (
			);
			dependencies = (
				9B799B412A4BC7C10008F8D4 /* PBXTargetDependency */,
			);
			name = SwiftUINewsAppUITests;
			productName = SwiftUINewsAppUITests;
			productReference = 9B799B3F2A4BC7C10008F8D4 /* SwiftUINewsAppUITests.xctest */;
			productType = "com.apple.product-type.bundle.ui-testing";
		};
/* End PBXNativeTarget section */

/* Begin PBXProject section */
		9B799B182A4BC7C00008F8D4 /* Project object */ = {
			isa = PBXProject;
			attributes = {
				BuildIndependentTargetsInParallel = 1;
				LastSwiftUpdateCheck = 1420;
				LastUpgradeCheck = 1420;
				TargetAttributes = {
					9B799B1F2A4BC7C00008F8D4 = {
						CreatedOnToolsVersion = 14.2;
					};
					9B799B342A4BC7C10008F8D4 = {
						CreatedOnToolsVersion = 14.2;
						TestTargetID = 9B799B1F2A4BC7C00008F8D4;
					};
					9B799B3E2A4BC7C10008F8D4 = {
						CreatedOnToolsVersion = 14.2;
						TestTargetID = 9B799B1F2A4BC7C00008F8D4;
					};
				};
			};
			buildConfigurationList = 9B799B1B2A4BC7C00008F8D4 /* Build configuration list for PBXProject "SwiftUINewsApp" */;
			compatibilityVersion = "Xcode 14.0";
			developmentRegion = en;
			hasScannedForEncodings = 0;
			knownRegions = (
				en,
				Base,
			);
			mainGroup = 9B799B172A4BC7C00008F8D4;
			productRefGroup = 9B799B212A4BC7C00008F8D4 /* Products */;
			projectDirPath = "";
			projectRoot = "";
			targets = (
				9B799B1F2A4BC7C00008F8D4 /* SwiftUINewsApp */,
				9B799B342A4BC7C10008F8D4 /* SwiftUINewsAppTests */,
				9B799B3E2A4BC7C10008F8D4 /* SwiftUINewsAppUITests */,
			);
		};
/* End PBXProject section */

/* Begin PBXResourcesBuildPhase section */
		9B799B1E2A4BC7C00008F8D4 /* Resources */ = {
			isa = PBXResourcesBuildPhase;
			buildActionMask = 2147483647;
			files = (
				9B799B2B2A4BC7C10008F8D4 /* Preview Assets.xcassets in Resources */,
				9B799B282A4BC7C10008F8D4 /* Assets.xcassets in Resources */,
			);
			runOnlyForDeploymentPostprocessing = 0;
		};
		9B799B332A4BC7C10008F8D4 /* Resources */ = {
			isa = PBXResourcesBuildPhase;
			buildActionMask = 2147483647;
			files = (
			);
			runOnlyForDeploymentPostprocessing = 0;
		};
		9B799B3D2A4BC7C10008F8D4 /* Resources */ = {
			isa = PBXResourcesBuildPhase;
			buildActionMask = 2147483647;
			files = (
			);
			runOnlyForDeploymentPostprocessing = 0;
		};
/* End PBXResourcesBuildPhase section */

/* Begin PBXSourcesBuildPhase section */
		9B799B1C2A4BC7C00008F8D4 /* Sources */ = {
			isa = PBXSourcesBuildPhase;
			buildActionMask = 2147483647;
			files = (
				9B799B532A4BCCB60008F8D4 /* NewsItemView.swift in Sources */,
				9B799B5E2A4BF2F40008F8D4 /* NewsRequestModel.swift in Sources */,
				9B799B672A4C29270008F8D4 /* WebView.swift in Sources */,
				9B799B552A4BD2340008F8D4 /* NewsItem.swift in Sources */,
				9B799B302A4BC7C10008F8D4 /* SwiftUINewsApp.xcdatamodeld in Sources */,
				9B799B2D2A4BC7C10008F8D4 /* Persistence.swift in Sources */,
				9B799B262A4BC7C00008F8D4 /* NewsListView.swift in Sources */,
				9B0676D22A4D639B004EFEF4 /* Spinner.swift in Sources */,
				9B799B622A4C1CDC0008F8D4 /* BodyView.swift in Sources */,
				9B0676D12A4D639B004EFEF4 /* RepositoriesList.swift in Sources */,
				9B799B602A4C1AA20008F8D4 /* EmptyView.swift in Sources */,
				9B799B572A4BEF2A0008F8D4 /* NewListViewModel.swift in Sources */,
				9B799B692A4C29A80008F8D4 /* NewsDetailView.swift in Sources */,
				9B799B5A2A4BEFEF0008F8D4 /* NewsSearchService.swift in Sources */,
				9B799B242A4BC7C00008F8D4 /* SwiftUINewsAppApp.swift in Sources */,
				9B799B652A4C20950008F8D4 /* String +.swift in Sources */,
			);
			runOnlyForDeploymentPostprocessing = 0;
		};
		9B799B312A4BC7C10008F8D4 /* Sources */ = {
			isa = PBXSourcesBuildPhase;
			buildActionMask = 2147483647;
			files = (
				9B799B3A2A4BC7C10008F8D4 /* SwiftUINewsAppTests.swift in Sources */,
			);
			runOnlyForDeploymentPostprocessing = 0;
		};
		9B799B3B2A4BC7C10008F8D4 /* Sources */ = {
			isa = PBXSourcesBuildPhase;
			buildActionMask = 2147483647;
			files = (
				9B799B442A4BC7C10008F8D4 /* SwiftUINewsAppUITests.swift in Sources */,
				9B799B462A4BC7C10008F8D4 /* SwiftUINewsAppUITestsLaunchTests.swift in Sources */,
			);
			runOnlyForDeploymentPostprocessing = 0;
		};
/* End PBXSourcesBuildPhase section */

/* Begin PBXTargetDependency section */
		9B799B372A4BC7C10008F8D4 /* PBXTargetDependency */ = {
			isa = PBXTargetDependency;
			target = 9B799B1F2A4BC7C00008F8D4 /* SwiftUINewsApp */;
			targetProxy = 9B799B362A4BC7C10008F8D4 /* PBXContainerItemProxy */;
		};
		9B799B412A4BC7C10008F8D4 /* PBXTargetDependency */ = {
			isa = PBXTargetDependency;
			target = 9B799B1F2A4BC7C00008F8D4 /* SwiftUINewsApp */;
			targetProxy = 9B799B402A4BC7C10008F8D4 /* PBXContainerItemProxy */;
		};
/* End PBXTargetDependency section */

/* Begin XCBuildConfiguration section */
		9B799B472A4BC7C10008F8D4 /* Debug */ = {
			isa = XCBuildConfiguration;
			buildSettings = {
				ALWAYS_SEARCH_USER_PATHS = NO;
				CLANG_ANALYZER_NONNULL = YES;
				CLANG_ANALYZER_NUMBER_OBJECT_CONVERSION = YES_AGGRESSIVE;
				CLANG_CXX_LANGUAGE_STANDARD = "gnu++20";
				CLANG_ENABLE_MODULES = YES;
				CLANG_ENABLE_OBJC_ARC = YES;
				CLANG_ENABLE_OBJC_WEAK = YES;
				CLANG_WARN_BLOCK_CAPTURE_AUTORELEASING = YES;
				CLANG_WARN_BOOL_CONVERSION = YES;
				CLANG_WARN_COMMA = YES;
				CLANG_WARN_CONSTANT_CONVERSION = YES;
				CLANG_WARN_DEPRECATED_OBJC_IMPLEMENTATIONS = YES;
				CLANG_WARN_DIRECT_OBJC_ISA_USAGE = YES_ERROR;
				CLANG_WARN_DOCUMENTATION_COMMENTS = YES;
				CLANG_WARN_EMPTY_BODY = YES;
				CLANG_WARN_ENUM_CONVERSION = YES;
				CLANG_WARN_INFINITE_RECURSION = YES;
				CLANG_WARN_INT_CONVERSION = YES;
				CLANG_WARN_NON_LITERAL_NULL_CONVERSION = YES;
				CLANG_WARN_OBJC_IMPLICIT_RETAIN_SELF = YES;
				CLANG_WARN_OBJC_LITERAL_CONVERSION = YES;
				CLANG_WARN_OBJC_ROOT_CLASS = YES_ERROR;
				CLANG_WARN_QUOTED_INCLUDE_IN_FRAMEWORK_HEADER = YES;
				CLANG_WARN_RANGE_LOOP_ANALYSIS = YES;
				CLANG_WARN_STRICT_PROTOTYPES = YES;
				CLANG_WARN_SUSPICIOUS_MOVE = YES;
				CLANG_WARN_UNGUARDED_AVAILABILITY = YES_AGGRESSIVE;
				CLANG_WARN_UNREACHABLE_CODE = YES;
				CLANG_WARN__DUPLICATE_METHOD_MATCH = YES;
				COPY_PHASE_STRIP = NO;
				DEBUG_INFORMATION_FORMAT = dwarf;
				ENABLE_STRICT_OBJC_MSGSEND = YES;
				ENABLE_TESTABILITY = YES;
				GCC_C_LANGUAGE_STANDARD = gnu11;
				GCC_DYNAMIC_NO_PIC = NO;
				GCC_NO_COMMON_BLOCKS = YES;
				GCC_OPTIMIZATION_LEVEL = 0;
				GCC_PREPROCESSOR_DEFINITIONS = (
					"DEBUG=1",
					"$(inherited)",
				);
				GCC_WARN_64_TO_32_BIT_CONVERSION = YES;
				GCC_WARN_ABOUT_RETURN_TYPE = YES_ERROR;
				GCC_WARN_UNDECLARED_SELECTOR = YES;
				GCC_WARN_UNINITIALIZED_AUTOS = YES_AGGRESSIVE;
				GCC_WARN_UNUSED_FUNCTION = YES;
				GCC_WARN_UNUSED_VARIABLE = YES;
				IPHONEOS_DEPLOYMENT_TARGET = 16.2;
				MTL_ENABLE_DEBUG_INFO = INCLUDE_SOURCE;
				MTL_FAST_MATH = YES;
				ONLY_ACTIVE_ARCH = YES;
				SDKROOT = iphoneos;
				SWIFT_ACTIVE_COMPILATION_CONDITIONS = DEBUG;
				SWIFT_OPTIMIZATION_LEVEL = "-Onone";
			};
			name = Debug;
		};
		9B799B482A4BC7C10008F8D4 /* Release */ = {
			isa = XCBuildConfiguration;
			buildSettings = {
				ALWAYS_SEARCH_USER_PATHS = NO;
				CLANG_ANALYZER_NONNULL = YES;
				CLANG_ANALYZER_NUMBER_OBJECT_CONVERSION = YES_AGGRESSIVE;
				CLANG_CXX_LANGUAGE_STANDARD = "gnu++20";
				CLANG_ENABLE_MODULES = YES;
				CLANG_ENABLE_OBJC_ARC = YES;
				CLANG_ENABLE_OBJC_WEAK = YES;
				CLANG_WARN_BLOCK_CAPTURE_AUTORELEASING = YES;
				CLANG_WARN_BOOL_CONVERSION = YES;
				CLANG_WARN_COMMA = YES;
				CLANG_WARN_CONSTANT_CONVERSION = YES;
				CLANG_WARN_DEPRECATED_OBJC_IMPLEMENTATIONS = YES;
				CLANG_WARN_DIRECT_OBJC_ISA_USAGE = YES_ERROR;
				CLANG_WARN_DOCUMENTATION_COMMENTS = YES;
				CLANG_WARN_EMPTY_BODY = YES;
				CLANG_WARN_ENUM_CONVERSION = YES;
				CLANG_WARN_INFINITE_RECURSION = YES;
				CLANG_WARN_INT_CONVERSION = YES;
				CLANG_WARN_NON_LITERAL_NULL_CONVERSION = YES;
				CLANG_WARN_OBJC_IMPLICIT_RETAIN_SELF = YES;
				CLANG_WARN_OBJC_LITERAL_CONVERSION = YES;
				CLANG_WARN_OBJC_ROOT_CLASS = YES_ERROR;
				CLANG_WARN_QUOTED_INCLUDE_IN_FRAMEWORK_HEADER = YES;
				CLANG_WARN_RANGE_LOOP_ANALYSIS = YES;
				CLANG_WARN_STRICT_PROTOTYPES = YES;
				CLANG_WARN_SUSPICIOUS_MOVE = YES;
				CLANG_WARN_UNGUARDED_AVAILABILITY = YES_AGGRESSIVE;
				CLANG_WARN_UNREACHABLE_CODE = YES;
				CLANG_WARN__DUPLICATE_METHOD_MATCH = YES;
				COPY_PHASE_STRIP = NO;
				DEBUG_INFORMATION_FORMAT = "dwarf-with-dsym";
				ENABLE_NS_ASSERTIONS = NO;
				ENABLE_STRICT_OBJC_MSGSEND = YES;
				GCC_C_LANGUAGE_STANDARD = gnu11;
				GCC_NO_COMMON_BLOCKS = YES;
				GCC_WARN_64_TO_32_BIT_CONVERSION = YES;
				GCC_WARN_ABOUT_RETURN_TYPE = YES_ERROR;
				GCC_WARN_UNDECLARED_SELECTOR = YES;
				GCC_WARN_UNINITIALIZED_AUTOS = YES_AGGRESSIVE;
				GCC_WARN_UNUSED_FUNCTION = YES;
				GCC_WARN_UNUSED_VARIABLE = YES;
				IPHONEOS_DEPLOYMENT_TARGET = 16.2;
				MTL_ENABLE_DEBUG_INFO = NO;
				MTL_FAST_MATH = YES;
				SDKROOT = iphoneos;
				SWIFT_COMPILATION_MODE = wholemodule;
				SWIFT_OPTIMIZATION_LEVEL = "-O";
				VALIDATE_PRODUCT = YES;
			};
			name = Release;
		};
		9B799B4A2A4BC7C10008F8D4 /* Debug */ = {
			isa = XCBuildConfiguration;
			buildSettings = {
				ASSETCATALOG_COMPILER_APPICON_NAME = AppIcon;
				ASSETCATALOG_COMPILER_GLOBAL_ACCENT_COLOR_NAME = AccentColor;
				CODE_SIGN_STYLE = Automatic;
				CURRENT_PROJECT_VERSION = 1;
				DEVELOPMENT_ASSET_PATHS = "\"SwiftUINewsApp/Preview Content\"";
				DEVELOPMENT_TEAM = 24Z3VMGR2U;
				ENABLE_PREVIEWS = YES;
				GENERATE_INFOPLIST_FILE = YES;
				INFOPLIST_KEY_UIApplicationSceneManifest_Generation = YES;
				INFOPLIST_KEY_UIApplicationSupportsIndirectInputEvents = YES;
				INFOPLIST_KEY_UILaunchScreen_Generation = YES;
				INFOPLIST_KEY_UISupportedInterfaceOrientations_iPad = "UIInterfaceOrientationPortrait UIInterfaceOrientationPortraitUpsideDown UIInterfaceOrientationLandscapeLeft UIInterfaceOrientationLandscapeRight";
				INFOPLIST_KEY_UISupportedInterfaceOrientations_iPhone = "UIInterfaceOrientationPortrait UIInterfaceOrientationLandscapeLeft UIInterfaceOrientationLandscapeRight";
				LD_RUNPATH_SEARCH_PATHS = (
					"$(inherited)",
					"@executable_path/Frameworks",
				);
				MARKETING_VERSION = 1.0;
				PRODUCT_BUNDLE_IDENTIFIER = yangjs.SwiftUINewsApp;
				PRODUCT_NAME = "$(TARGET_NAME)";
				SWIFT_EMIT_LOC_STRINGS = YES;
				SWIFT_VERSION = 5.0;
				TARGETED_DEVICE_FAMILY = "1,2";
			};
			name = Debug;
		};
		9B799B4B2A4BC7C10008F8D4 /* Release */ = {
			isa = XCBuildConfiguration;
			buildSettings = {
				ASSETCATALOG_COMPILER_APPICON_NAME = AppIcon;
				ASSETCATALOG_COMPILER_GLOBAL_ACCENT_COLOR_NAME = AccentColor;
				CODE_SIGN_STYLE = Automatic;
				CURRENT_PROJECT_VERSION = 1;
				DEVELOPMENT_ASSET_PATHS = "\"SwiftUINewsApp/Preview Content\"";
				DEVELOPMENT_TEAM = 24Z3VMGR2U;
				ENABLE_PREVIEWS = YES;
				GENERATE_INFOPLIST_FILE = YES;
				INFOPLIST_KEY_UIApplicationSceneManifest_Generation = YES;
				INFOPLIST_KEY_UIApplicationSupportsIndirectInputEvents = YES;
				INFOPLIST_KEY_UILaunchScreen_Generation = YES;
				INFOPLIST_KEY_UISupportedInterfaceOrientations_iPad = "UIInterfaceOrientationPortrait UIInterfaceOrientationPortraitUpsideDown UIInterfaceOrientationLandscapeLeft UIInterfaceOrientationLandscapeRight";
				INFOPLIST_KEY_UISupportedInterfaceOrientations_iPhone = "UIInterfaceOrientationPortrait UIInterfaceOrientationLandscapeLeft UIInterfaceOrientationLandscapeRight";
				LD_RUNPATH_SEARCH_PATHS = (
					"$(inherited)",
					"@executable_path/Frameworks",
				);
				MARKETING_VERSION = 1.0;
				PRODUCT_BUNDLE_IDENTIFIER = yangjs.SwiftUINewsApp;
				PRODUCT_NAME = "$(TARGET_NAME)";
				SWIFT_EMIT_LOC_STRINGS = YES;
				SWIFT_VERSION = 5.0;
				TARGETED_DEVICE_FAMILY = "1,2";
			};
			name = Release;
		};
		9B799B4D2A4BC7C10008F8D4 /* Debug */ = {
			isa = XCBuildConfiguration;
			buildSettings = {
				ALWAYS_EMBED_SWIFT_STANDARD_LIBRARIES = YES;
				BUNDLE_LOADER = "$(TEST_HOST)";
				CODE_SIGN_STYLE = Automatic;
				CURRENT_PROJECT_VERSION = 1;
				DEVELOPMENT_TEAM = 24Z3VMGR2U;
				GENERATE_INFOPLIST_FILE = YES;
				IPHONEOS_DEPLOYMENT_TARGET = 16.2;
				MARKETING_VERSION = 1.0;
				PRODUCT_BUNDLE_IDENTIFIER = yangjs.SwiftUINewsAppTests;
				PRODUCT_NAME = "$(TARGET_NAME)";
				SWIFT_EMIT_LOC_STRINGS = NO;
				SWIFT_VERSION = 5.0;
				TARGETED_DEVICE_FAMILY = "1,2";
				TEST_HOST = "$(BUILT_PRODUCTS_DIR)/SwiftUINewsApp.app/$(BUNDLE_EXECUTABLE_FOLDER_PATH)/SwiftUINewsApp";
			};
			name = Debug;
		};
		9B799B4E2A4BC7C10008F8D4 /* Release */ = {
			isa = XCBuildConfiguration;
			buildSettings = {
				ALWAYS_EMBED_SWIFT_STANDARD_LIBRARIES = YES;
				BUNDLE_LOADER = "$(TEST_HOST)";
				CODE_SIGN_STYLE = Automatic;
				CURRENT_PROJECT_VERSION = 1;
				DEVELOPMENT_TEAM = 24Z3VMGR2U;
				GENERATE_INFOPLIST_FILE = YES;
				IPHONEOS_DEPLOYMENT_TARGET = 16.2;
				MARKETING_VERSION = 1.0;
				PRODUCT_BUNDLE_IDENTIFIER = yangjs.SwiftUINewsAppTests;
				PRODUCT_NAME = "$(TARGET_NAME)";
				SWIFT_EMIT_LOC_STRINGS = NO;
				SWIFT_VERSION = 5.0;
				TARGETED_DEVICE_FAMILY = "1,2";
				TEST_HOST = "$(BUILT_PRODUCTS_DIR)/SwiftUINewsApp.app/$(BUNDLE_EXECUTABLE_FOLDER_PATH)/SwiftUINewsApp";
			};
			name = Release;
		};
		9B799B502A4BC7C10008F8D4 /* Debug */ = {
			isa = XCBuildConfiguration;
			buildSettings = {
				ALWAYS_EMBED_SWIFT_STANDARD_LIBRARIES = YES;
				CODE_SIGN_STYLE = Automatic;
				CURRENT_PROJECT_VERSION = 1;
				DEVELOPMENT_TEAM = 24Z3VMGR2U;
				GENERATE_INFOPLIST_FILE = YES;
				MARKETING_VERSION = 1.0;
				PRODUCT_BUNDLE_IDENTIFIER = yangjs.SwiftUINewsAppUITests;
				PRODUCT_NAME = "$(TARGET_NAME)";
				SWIFT_EMIT_LOC_STRINGS = NO;
				SWIFT_VERSION = 5.0;
				TARGETED_DEVICE_FAMILY = "1,2";
				TEST_TARGET_NAME = SwiftUINewsApp;
			};
			name = Debug;
		};
		9B799B512A4BC7C10008F8D4 /* Release */ = {
			isa = XCBuildConfiguration;
			buildSettings = {
				ALWAYS_EMBED_SWIFT_STANDARD_LIBRARIES = YES;
				CODE_SIGN_STYLE = Automatic;
				CURRENT_PROJECT_VERSION = 1;
				DEVELOPMENT_TEAM = 24Z3VMGR2U;
				GENERATE_INFOPLIST_FILE = YES;
				MARKETING_VERSION = 1.0;
				PRODUCT_BUNDLE_IDENTIFIER = yangjs.SwiftUINewsAppUITests;
				PRODUCT_NAME = "$(TARGET_NAME)";
				SWIFT_EMIT_LOC_STRINGS = NO;
				SWIFT_VERSION = 5.0;
				TARGETED_DEVICE_FAMILY = "1,2";
				TEST_TARGET_NAME = SwiftUINewsApp;
			};
			name = Release;
		};
/* End XCBuildConfiguration section */

/* Begin XCConfigurationList section */
		9B799B1B2A4BC7C00008F8D4 /* Build configuration list for PBXProject "SwiftUINewsApp" */ = {
			isa = XCConfigurationList;
			buildConfigurations = (
				9B799B472A4BC7C10008F8D4 /* Debug */,
				9B799B482A4BC7C10008F8D4 /* Release */,
			);
			defaultConfigurationIsVisible = 0;
			defaultConfigurationName = Release;
		};
		9B799B492A4BC7C10008F8D4 /* Build configuration list for PBXNativeTarget "SwiftUINewsApp" */ = {
			isa = XCConfigurationList;
			buildConfigurations = (
				9B799B4A2A4BC7C10008F8D4 /* Debug */,
				9B799B4B2A4BC7C10008F8D4 /* Release */,
			);
			defaultConfigurationIsVisible = 0;
			defaultConfigurationName = Release;
		};
		9B799B4C2A4BC7C10008F8D4 /* Build configuration list for PBXNativeTarget "SwiftUINewsAppTests" */ = {
			isa = XCConfigurationList;
			buildConfigurations = (
				9B799B4D2A4BC7C10008F8D4 /* Debug */,
				9B799B4E2A4BC7C10008F8D4 /* Release */,
			);
			defaultConfigurationIsVisible = 0;
			defaultConfigurationName = Release;
		};
		9B799B4F2A4BC7C10008F8D4 /* Build configuration list for PBXNativeTarget "SwiftUINewsAppUITests" */ = {
			isa = XCConfigurationList;
			buildConfigurations = (
				9B799B502A4BC7C10008F8D4 /* Debug */,
				9B799B512A4BC7C10008F8D4 /* Release */,
			);
			defaultConfigurationIsVisible = 0;
			defaultConfigurationName = Release;
		};
/* End XCConfigurationList section */

/* Begin XCVersionGroup section */
		9B799B2E2A4BC7C10008F8D4 /* SwiftUINewsApp.xcdatamodeld */ = {
			isa = XCVersionGroup;
			children = (
				9B799B2F2A4BC7C10008F8D4 /* SwiftUINewsApp.xcdatamodel */,
			);
			currentVersion = 9B799B2F2A4BC7C10008F8D4 /* SwiftUINewsApp.xcdatamodel */;
			path = SwiftUINewsApp.xcdatamodeld;
			sourceTree = "<group>";
			versionGroupType = wrapper.xcdatamodel;
		};
/* End XCVersionGroup section */
	};
	rootObject = 9B799B182A4BC7C00008F8D4 /* Project object */;
}
